
Microsoft Visual Studio Solution File, Format Version 12.00
# Visual Studio Version 17
VisualStudioVersion = 17.5.33516.290
MinimumVisualStudioVersion = 10.0.40219.1
Project("{FAE04EC0-301F-11D3-BF4B-00C04F79EFBC}") = "Proyecto1", "Proyecto1.csproj", "{B42C6EC3-B3B2-4B01-87F7-A147B478EEF6}"
EndProject
Global
	GlobalSection(SolutionConfigurationPlatforms) = preSolution
		Debug|Any CPU = Debug|Any CPU
		Release|Any CPU = Release|Any CPU
	EndGlobalSection
	GlobalSection(ProjectConfigurationPlatforms) = postSolution
		{B42C6EC3-B3B2-4B01-87F7-A147B478EEF6}.Debug|Any CPU.ActiveCfg = Debug|Any CPU
		{B42C6EC3-B3B2-4B01-87F7-A147B478EEF6}.Debug|Any CPU.Build.0 = Debug|Any CPU
		{B42C6EC3-B3B2-4B01-87F7-A147B478EEF6}.Release|Any CPU.ActiveCfg = Release|Any CPU
		{B42C6EC3-B3B2-4B01-87F7-A147B478EEF6}.Release|Any CPU.Build.0 = Release|Any CPU
	EndGlobalSection
	GlobalSection(SolutionProperties) = preSolution
		HideSolutionNode = FALSE
	EndGlobalSection
	GlobalSection(ExtensibilityGlobals) = postSolution
		SolutionGuid = {E386D521-94E5-4E43-9D19-AD8FA2F2F295}
	EndGlobalSection
EndGlobal
